
Microsoft Visual Studio Solution File, Format Version 12.00
# Visual Studio 15
VisualStudioVersion = 15.0.27130.2003
MinimumVisualStudioVersion = 10.0.40219.1
Project("{FAE04EC0-301F-11D3-BF4B-00C04F79EFBC}") = "MemberName", "MemberName\MemberName.csproj", "{63077053-EA59-4C8A-A969-042202761341}"
EndProject
Project("{FAE04EC0-301F-11D3-BF4B-00C04F79EFBC}") = "MemberNameTests", "MemberNameTests\MemberNameTests.csproj", "{F1D734E4-37C6-41DA-A9BF-23B2C9EEA84F}"
EndProject
Global
	GlobalSection(SolutionConfigurationPlatforms) = preSolution
		Debug|Any CPU = Debug|Any CPU
		Release|Any CPU = Release|Any CPU
	EndGlobalSection
	GlobalSection(ProjectConfigurationPlatforms) = postSolution
		{63077053-EA59-4C8A-A969-042202761341}.Debug|Any CPU.ActiveCfg = Debug|Any CPU
		{63077053-EA59-4C8A-A969-042202761341}.Debug|Any CPU.Build.0 = Debug|Any CPU
		{63077053-EA59-4C8A-A969-042202761341}.Release|Any CPU.ActiveCfg = Release|Any CPU
		{63077053-EA59-4C8A-A969-042202761341}.Release|Any CPU.Build.0 = Release|Any CPU
		{F1D734E4-37C6-41DA-A9BF-23B2C9EEA84F}.Debug|Any CPU.ActiveCfg = Debug|Any CPU
		{F1D734E4-37C6-41DA-A9BF-23B2C9EEA84F}.Debug|Any CPU.Build.0 = Debug|Any CPU
		{F1D734E4-37C6-41DA-A9BF-23B2C9EEA84F}.Release|Any CPU.ActiveCfg = Release|Any CPU
		{F1D734E4-37C6-41DA-A9BF-23B2C9EEA84F}.Release|Any CPU.Build.0 = Release|Any CPU
	EndGlobalSection
	GlobalSection(SolutionProperties) = preSolution
		HideSolutionNode = FALSE
	EndGlobalSection
	GlobalSection(ExtensibilityGlobals) = postSolution
		SolutionGuid = {A159992D-BC39-401E-BB7A-EF2782BFF9A7}
	EndGlobalSection
EndGlobal
